
Microsoft Visual Studio Solution File, Format Version 12.00
# Visual Studio Version 17
VisualStudioVersion = 17.6.33815.320
MinimumVisualStudioVersion = 10.0.40219.1
Project("{FAE04EC0-301F-11D3-BF4B-00C04F79EFBC}") = "CabInvoiceGenerator", "CabInvoiceGenerator\CabInvoiceGenerator.csproj", "{B995633A-F91B-4E94-AFEA-E755043ECACD}"
EndProject
Project("{FAE04EC0-301F-11D3-BF4B-00C04F79EFBC}") = "CabInvoiceTestProject", "CabInvoiceTestProject\CabInvoiceTestProject.csproj", "{8FBC8E28-7084-4328-A189-30A51C84A2F4}"
EndProject
Global
	GlobalSection(SolutionConfigurationPlatforms) = preSolution
		Debug|Any CPU = Debug|Any CPU
		Release|Any CPU = Release|Any CPU
	EndGlobalSection
	GlobalSection(ProjectConfigurationPlatforms) = postSolution
		{B995633A-F91B-4E94-AFEA-E755043ECACD}.Debug|Any CPU.ActiveCfg = Debug|Any CPU
		{B995633A-F91B-4E94-AFEA-E755043ECACD}.Debug|Any CPU.Build.0 = Debug|Any CPU
		{B995633A-F91B-4E94-AFEA-E755043ECACD}.Release|Any CPU.ActiveCfg = Release|Any CPU
		{B995633A-F91B-4E94-AFEA-E755043ECACD}.Release|Any CPU.Build.0 = Release|Any CPU
		{8FBC8E28-7084-4328-A189-30A51C84A2F4}.Debug|Any CPU.ActiveCfg = Debug|Any CPU
		{8FBC8E28-7084-4328-A189-30A51C84A2F4}.Debug|Any CPU.Build.0 = Debug|Any CPU
		{8FBC8E28-7084-4328-A189-30A51C84A2F4}.Release|Any CPU.ActiveCfg = Release|Any CPU
		{8FBC8E28-7084-4328-A189-30A51C84A2F4}.Release|Any CPU.Build.0 = Release|Any CPU
	EndGlobalSection
	GlobalSection(SolutionProperties) = preSolution
		HideSolutionNode = FALSE
	EndGlobalSection
	GlobalSection(ExtensibilityGlobals) = postSolution
		SolutionGuid = {8BD52515-D941-48E6-AC39-4BAFC9F614E9}
	EndGlobalSection
EndGlobal
